
Microsoft Visual Studio Solution File, Format Version 12.00
# Visual Studio Version 16
VisualStudioVersion = 16.0.34407.143
MinimumVisualStudioVersion = 10.0.40219.1
Project("{FAE04EC0-301F-11D3-BF4B-00C04F79EFBC}") = "Task1", "Task1\Task1.csproj", "{4DA758EE-8560-4F6F-8349-995A9840DF4B}"
EndProject
Project("{FAE04EC0-301F-11D3-BF4B-00C04F79EFBC}") = "Task2", "Task2\Task2.csproj", "{90A652FD-3CF4-4539-973A-409C124CAD8D}"
EndProject
Global
	GlobalSection(SolutionConfigurationPlatforms) = preSolution
		Debug|Any CPU = Debug|Any CPU
		Release|Any CPU = Release|Any CPU
	EndGlobalSection
	GlobalSection(ProjectConfigurationPlatforms) = postSolution
		{4DA758EE-8560-4F6F-8349-995A9840DF4B}.Debug|Any CPU.ActiveCfg = Debug|Any CPU
		{4DA758EE-8560-4F6F-8349-995A9840DF4B}.Debug|Any CPU.Build.0 = Debug|Any CPU
		{4DA758EE-8560-4F6F-8349-995A9840DF4B}.Release|Any CPU.ActiveCfg = Release|Any CPU
		{4DA758EE-8560-4F6F-8349-995A9840DF4B}.Release|Any CPU.Build.0 = Release|Any CPU
		{90A652FD-3CF4-4539-973A-409C124CAD8D}.Debug|Any CPU.ActiveCfg = Debug|Any CPU
		{90A652FD-3CF4-4539-973A-409C124CAD8D}.Debug|Any CPU.Build.0 = Debug|Any CPU
		{90A652FD-3CF4-4539-973A-409C124CAD8D}.Release|Any CPU.ActiveCfg = Release|Any CPU
		{90A652FD-3CF4-4539-973A-409C124CAD8D}.Release|Any CPU.Build.0 = Release|Any CPU
	EndGlobalSection
	GlobalSection(SolutionProperties) = preSolution
		HideSolutionNode = FALSE
	EndGlobalSection
	GlobalSection(ExtensibilityGlobals) = postSolution
		SolutionGuid = {CADE9E30-9960-4674-8A8A-B71BA3079CF5}
	EndGlobalSection
EndGlobal
